
Microsoft Visual Studio Solution File, Format Version 12.00
# Visual Studio Version 17
VisualStudioVersion = 17.9.34607.119
MinimumVisualStudioVersion = 10.0.40219.1
Project("{FAE04EC0-301F-11D3-BF4B-00C04F79EFBC}") = "Picture Puzzle Game", "Picture Puzzle Game.csproj", "{C20238A3-7B7F-49B7-84AA-DA4B43688085}"
EndProject
Global
	GlobalSection(SolutionConfigurationPlatforms) = preSolution
		Debug|Any CPU = Debug|Any CPU
		Release|Any CPU = Release|Any CPU
	EndGlobalSection
	GlobalSection(ProjectConfigurationPlatforms) = postSolution
		{C20238A3-7B7F-49B7-84AA-DA4B43688085}.Debug|Any CPU.ActiveCfg = Debug|Any CPU
		{C20238A3-7B7F-49B7-84AA-DA4B43688085}.Debug|Any CPU.Build.0 = Debug|Any CPU
		{C20238A3-7B7F-49B7-84AA-DA4B43688085}.Release|Any CPU.ActiveCfg = Release|Any CPU
		{C20238A3-7B7F-49B7-84AA-DA4B43688085}.Release|Any CPU.Build.0 = Release|Any CPU
	EndGlobalSection
	GlobalSection(SolutionProperties) = preSolution
		HideSolutionNode = FALSE
	EndGlobalSection
	GlobalSection(ExtensibilityGlobals) = postSolution
		SolutionGuid = {067B5706-3FFA-4ECF-9AA1-1A44B4BD530C}
	EndGlobalSection
EndGlobal
